
Microsoft Visual Studio Solution File, Format Version 12.00
# Visual Studio Version 17
VisualStudioVersion = 17.14.36603.0 d17.14
MinimumVisualStudioVersion = 10.0.40219.1
Project("{8BC9CEB8-8B4A-11D0-8D11-00A0C91BC942}") = "WindowsProject1", "WindowsProject1\WindowsProject1.vcxproj", "{CB38BCEC-7FB0-423E-BD05-E6491FCD9E77}"
EndProject
Global
	GlobalSection(SolutionConfigurationPlatforms) = preSolution
		Debug|x64 = Debug|x64
		Debug|x86 = Debug|x86
		Release|x64 = Release|x64
		Release|x86 = Release|x86
	EndGlobalSection
	GlobalSection(ProjectConfigurationPlatforms) = postSolution
		{CB38BCEC-7FB0-423E-BD05-E6491FCD9E77}.Debug|x64.ActiveCfg = Debug|x64
		{CB38BCEC-7FB0-423E-BD05-E6491FCD9E77}.Debug|x64.Build.0 = Debug|x64
		{CB38BCEC-7FB0-423E-BD05-E6491FCD9E77}.Debug|x86.ActiveCfg = Debug|Win32
		{CB38BCEC-7FB0-423E-BD05-E6491FCD9E77}.Debug|x86.Build.0 = Debug|Win32
		{CB38BCEC-7FB0-423E-BD05-E6491FCD9E77}.Release|x64.ActiveCfg = Release|x64
		{CB38BCEC-7FB0-423E-BD05-E6491FCD9E77}.Release|x64.Build.0 = Release|x64
		{CB38BCEC-7FB0-423E-BD05-E6491FCD9E77}.Release|x86.ActiveCfg = Release|Win32
		{CB38BCEC-7FB0-423E-BD05-E6491FCD9E77}.Release|x86.Build.0 = Release|Win32
	EndGlobalSection
	GlobalSection(SolutionProperties) = preSolution
		HideSolutionNode = FALSE
	EndGlobalSection
	GlobalSection(ExtensibilityGlobals) = postSolution
		SolutionGuid = {1B36AC44-9EF6-4C89-A071-B9F40A65BB27}
	EndGlobalSection
EndGlobal
